
Microsoft Visual Studio Solution File, Format Version 12.00
# Visual Studio Version 17
VisualStudioVersion = 17.8.34408.163
MinimumVisualStudioVersion = 10.0.40219.1
Project("{2150E333-8FDC-42A3-9474-1A3956D46DE8}") = "Solution Items", "Solution Items", "{3D9A6123-3DAB-48A0-B849-C781AAC837CC}"
	ProjectSection(SolutionItems) = preProject
		README.md = README.md
	EndProjectSection
EndProject
Project("{9A19103F-16F7-4668-BE54-9A1E7A4F7556}") = "FormulaEvaluatorTester", "FormulaEvaluatorTester\FormulaEvaluatorTester.csproj", "{A2FE3D07-1096-4744-A334-5EBF4837D5B9}"
EndProject
Project("{9A19103F-16F7-4668-BE54-9A1E7A4F7556}") = "FormulaEvaluator", "FormulaEvaluator\FormulaEvaluator.csproj", "{96B108C5-1EE2-4D85-8AD8-03F3DAC32E48}"
EndProject
Project("{9A19103F-16F7-4668-BE54-9A1E7A4F7556}") = "DependencyGraph", "DependencyGraph\DependencyGraph.csproj", "{AFFDBC1D-B77F-47C2-BA74-20612B9F502A}"
EndProject
Project("{9A19103F-16F7-4668-BE54-9A1E7A4F7556}") = "DependencyGraphTests", "DependencyGraphTests\DependencyGraphTests.csproj", "{4CE91170-B9AC-420C-BD58-54512CCD8F6F}"
EndProject
Project("{9A19103F-16F7-4668-BE54-9A1E7A4F7556}") = "Extensions", "Extensions\Extensions.csproj", "{17E1D966-07CF-4571-A737-5A22CBB3BA34}"
EndProject
Project("{9A19103F-16F7-4668-BE54-9A1E7A4F7556}") = "GradingTests", "GradingTests\GradingTests.csproj", "{029BB156-CC1E-47F7-8C7F-2BFF98305AD6}"
EndProject
Project("{FAE04EC0-301F-11D3-BF4B-00C04F79EFBC}") = "Formula", "Formula\Formula.csproj", "{E29F09A3-79A8-40AA-BA56-9C7EF1E610AD}"
EndProject
Global
	GlobalSection(SolutionConfigurationPlatforms) = preSolution
		Debug|Any CPU = Debug|Any CPU
		Release|Any CPU = Release|Any CPU
	EndGlobalSection
	GlobalSection(ProjectConfigurationPlatforms) = postSolution
		{A2FE3D07-1096-4744-A334-5EBF4837D5B9}.Debug|Any CPU.ActiveCfg = Debug|Any CPU
		{A2FE3D07-1096-4744-A334-5EBF4837D5B9}.Debug|Any CPU.Build.0 = Debug|Any CPU
		{A2FE3D07-1096-4744-A334-5EBF4837D5B9}.Release|Any CPU.ActiveCfg = Release|Any CPU
		{A2FE3D07-1096-4744-A334-5EBF4837D5B9}.Release|Any CPU.Build.0 = Release|Any CPU
		{96B108C5-1EE2-4D85-8AD8-03F3DAC32E48}.Debug|Any CPU.ActiveCfg = Debug|Any CPU
		{96B108C5-1EE2-4D85-8AD8-03F3DAC32E48}.Debug|Any CPU.Build.0 = Debug|Any CPU
		{96B108C5-1EE2-4D85-8AD8-03F3DAC32E48}.Release|Any CPU.ActiveCfg = Release|Any CPU
		{96B108C5-1EE2-4D85-8AD8-03F3DAC32E48}.Release|Any CPU.Build.0 = Release|Any CPU
		{AFFDBC1D-B77F-47C2-BA74-20612B9F502A}.Debug|Any CPU.ActiveCfg = Debug|Any CPU
		{AFFDBC1D-B77F-47C2-BA74-20612B9F502A}.Debug|Any CPU.Build.0 = Debug|Any CPU
		{AFFDBC1D-B77F-47C2-BA74-20612B9F502A}.Release|Any CPU.ActiveCfg = Release|Any CPU
		{AFFDBC1D-B77F-47C2-BA74-20612B9F502A}.Release|Any CPU.Build.0 = Release|Any CPU
		{4CE91170-B9AC-420C-BD58-54512CCD8F6F}.Debug|Any CPU.ActiveCfg = Debug|Any CPU
		{4CE91170-B9AC-420C-BD58-54512CCD8F6F}.Debug|Any CPU.Build.0 = Debug|Any CPU
		{4CE91170-B9AC-420C-BD58-54512CCD8F6F}.Release|Any CPU.ActiveCfg = Release|Any CPU
		{4CE91170-B9AC-420C-BD58-54512CCD8F6F}.Release|Any CPU.Build.0 = Release|Any CPU
		{17E1D966-07CF-4571-A737-5A22CBB3BA34}.Debug|Any CPU.ActiveCfg = Debug|Any CPU
		{17E1D966-07CF-4571-A737-5A22CBB3BA34}.Debug|Any CPU.Build.0 = Debug|Any CPU
		{17E1D966-07CF-4571-A737-5A22CBB3BA34}.Release|Any CPU.ActiveCfg = Release|Any CPU
		{17E1D966-07CF-4571-A737-5A22CBB3BA34}.Release|Any CPU.Build.0 = Release|Any CPU
		{029BB156-CC1E-47F7-8C7F-2BFF98305AD6}.Debug|Any CPU.ActiveCfg = Debug|Any CPU
		{029BB156-CC1E-47F7-8C7F-2BFF98305AD6}.Debug|Any CPU.Build.0 = Debug|Any CPU
		{029BB156-CC1E-47F7-8C7F-2BFF98305AD6}.Release|Any CPU.ActiveCfg = Release|Any CPU
		{029BB156-CC1E-47F7-8C7F-2BFF98305AD6}.Release|Any CPU.Build.0 = Release|Any CPU
		{E29F09A3-79A8-40AA-BA56-9C7EF1E610AD}.Debug|Any CPU.ActiveCfg = Debug|Any CPU
		{E29F09A3-79A8-40AA-BA56-9C7EF1E610AD}.Debug|Any CPU.Build.0 = Debug|Any CPU
		{E29F09A3-79A8-40AA-BA56-9C7EF1E610AD}.Release|Any CPU.ActiveCfg = Release|Any CPU
		{E29F09A3-79A8-40AA-BA56-9C7EF1E610AD}.Release|Any CPU.Build.0 = Release|Any CPU
	EndGlobalSection
	GlobalSection(SolutionProperties) = preSolution
		HideSolutionNode = FALSE
	EndGlobalSection
	GlobalSection(ExtensibilityGlobals) = postSolution
		SolutionGuid = {5D08B59E-7D40-4156-BEBD-20A07DC664B2}
	EndGlobalSection
EndGlobal
